
Microsoft Visual Studio Solution File, Format Version 12.00
# Visual Studio 14
VisualStudioVersion = 14.0.23107.0
MinimumVisualStudioVersion = 10.0.40219.1
Project("{FAE04EC0-301F-11D3-BF4B-00C04F79EFBC}") = "Angular", "Angular\Angular.csproj", "{BDECF3D9-9F52-4993-A9A1-3CCE2F8B45D9}"
EndProject
Project("{FAE04EC0-301F-11D3-BF4B-00C04F79EFBC}") = "1.AngularGettingStarted", "1.AngularGettingStarted\1.AngularGettingStarted.csproj", "{17E08B9C-B83E-4DCA-B295-E8EDBD39232A}"
EndProject
Global
	GlobalSection(SolutionConfigurationPlatforms) = preSolution
		Debug|Any CPU = Debug|Any CPU
		Release|Any CPU = Release|Any CPU
	EndGlobalSection
	GlobalSection(ProjectConfigurationPlatforms) = postSolution
		{BDECF3D9-9F52-4993-A9A1-3CCE2F8B45D9}.Debug|Any CPU.ActiveCfg = Debug|Any CPU
		{BDECF3D9-9F52-4993-A9A1-3CCE2F8B45D9}.Debug|Any CPU.Build.0 = Debug|Any CPU
		{BDECF3D9-9F52-4993-A9A1-3CCE2F8B45D9}.Release|Any CPU.ActiveCfg = Release|Any CPU
		{BDECF3D9-9F52-4993-A9A1-3CCE2F8B45D9}.Release|Any CPU.Build.0 = Release|Any CPU
		{17E08B9C-B83E-4DCA-B295-E8EDBD39232A}.Debug|Any CPU.ActiveCfg = Debug|Any CPU
		{17E08B9C-B83E-4DCA-B295-E8EDBD39232A}.Debug|Any CPU.Build.0 = Debug|Any CPU
		{17E08B9C-B83E-4DCA-B295-E8EDBD39232A}.Release|Any CPU.ActiveCfg = Release|Any CPU
		{17E08B9C-B83E-4DCA-B295-E8EDBD39232A}.Release|Any CPU.Build.0 = Release|Any CPU
	EndGlobalSection
	GlobalSection(SolutionProperties) = preSolution
		HideSolutionNode = FALSE
	EndGlobalSection
EndGlobal
